// !$*UTF8*$!
{
	archiveVersion = 1;
	classes = {
	};
	objectVersion = 77;
	objects = {

/* Begin PBXBuildFile section */
		614852202D15910D0013DC06 /* MapServiceRequesterPool.swift in Sources */ = {isa = PBXBuildFile; fileRef = 614850162D1096410013DC06 /* MapServiceRequesterPool.swift */; };
		614852212D15910D0013DC06 /* ServiceRequesterPool.swift in Sources */ = {isa = PBXBuildFile; fileRef = 614850172D1096410013DC06 /* ServiceRequesterPool.swift */; };
		614852222D15910D0013DC06 /* MapServiceRequester.swift in Sources */ = {isa = PBXBuildFile; fileRef = 614850192D1096410013DC06 /* MapServiceRequester.swift */; };
		614852232D15910D0013DC06 /* ServiceRequester.swift in Sources */ = {isa = PBXBuildFile; fileRef = 6148501A2D1096410013DC06 /* ServiceRequester.swift */; };
		614852242D15910D0013DC06 /* MapView.swift in Sources */ = {isa = PBXBuildFile; fileRef = 61255BC72D0ED7280018139E /* MapView.swift */; };
		614852252D15910D0013DC06 /* Transform.swift in Sources */ = {isa = PBXBuildFile; fileRef = 61255BC52D0ED22B0018139E /* Transform.swift */; };
		614852262D15910D0013DC06 /* ResolutionArray.swift in Sources */ = {isa = PBXBuildFile; fileRef = 61113A3C2CF0DCE700056FAF /* ResolutionArray.swift */; };
		614852272D15910D0013DC06 /* CacheWrapper.swift in Sources */ = {isa = PBXBuildFile; fileRef = 61D8C7112CEC424D004622F7 /* CacheWrapper.swift */; };
		614852282D15910D0013DC06 /* MapCache.swift in Sources */ = {isa = PBXBuildFile; fileRef = 61D8C70F2CEC4229004622F7 /* MapCache.swift */; };
		614852292D15910D0013DC06 /* TileCache.swift in Sources */ = {isa = PBXBuildFile; fileRef = 61D8C70A2CEC41FF004622F7 /* TileCache.swift */; };
		6148522A2D15910D0013DC06 /* TileRange.swift in Sources */ = {isa = PBXBuildFile; fileRef = 61255B982D0AFB5E0018139E /* TileRange.swift */; };
		6148522B2D15910D0013DC06 /* ImageTile.swift in Sources */ = {isa = PBXBuildFile; fileRef = 617D45F12CEC52B30064D298 /* ImageTile.swift */; };
		6148522C2D15910D0013DC06 /* TileCoordinate.swift in Sources */ = {isa = PBXBuildFile; fileRef = 617D45EF2CEC4E340064D298 /* TileCoordinate.swift */; };
		6148522D2D15910D0013DC06 /* Tile.swift in Sources */ = {isa = PBXBuildFile; fileRef = 61D8C7132CEC4298004622F7 /* Tile.swift */; };
		6148522E2D15910D0013DC06 /* EPSG3857.swift in Sources */ = {isa = PBXBuildFile; fileRef = 61D483C52CF1BEC900E52922 /* EPSG3857.swift */; };
		6148522F2D15910D0013DC06 /* EPSG4326.swift in Sources */ = {isa = PBXBuildFile; fileRef = 61255C452D0F072F0018139E /* EPSG4326.swift */; };
		614852302D15910D0013DC06 /* Projection.swift in Sources */ = {isa = PBXBuildFile; fileRef = 61DA3D782CEB13EE00D15C2E /* Projection.swift */; };
		614852312D15910D0013DC06 /* TileTMS.swift in Sources */ = {isa = PBXBuildFile; fileRef = 61255C622D0F4C430018139E /* TileTMS.swift */; };
		614852322D15910D0013DC06 /* TileWMS.swift in Sources */ = {isa = PBXBuildFile; fileRef = 61113A362CF0A92E00056FAF /* TileWMS.swift */; };
		614852332D15910D0013DC06 /* SourceTile.swift in Sources */ = {isa = PBXBuildFile; fileRef = 61D8C7032CEC3E33004622F7 /* SourceTile.swift */; };
		614852342D15910D0013DC06 /* ImageTileLayer.swift in Sources */ = {isa = PBXBuildFile; fileRef = 61255B9A2D0EC2DB0018139E /* ImageTileLayer.swift */; };
		614852352D15910D0013DC06 /* TileLayer.swift in Sources */ = {isa = PBXBuildFile; fileRef = 61113A342CF0A8D400056FAF /* TileLayer.swift */; };
		614852362D15910D0013DC06 /* MapExtent.swift in Sources */ = {isa = PBXBuildFile; fileRef = 61D8C7062CEC3F0A004622F7 /* MapExtent.swift */; };
		614852372D15910D0013DC06 /* Coordinate.swift in Sources */ = {isa = PBXBuildFile; fileRef = 61DA3D7A2CEB14E100D15C2E /* Coordinate.swift */; };
		614852382D15910D0013DC06 /* MapConfigurable.swift in Sources */ = {isa = PBXBuildFile; fileRef = 61DA3D752CEB11AC00D15C2E /* MapConfigurable.swift */; };
		614852392D15911E0013DC06 /* MapServiceRequesterPool.swift in Sources */ = {isa = PBXBuildFile; fileRef = 614850162D1096410013DC06 /* MapServiceRequesterPool.swift */; };
		6148523A2D15911E0013DC06 /* ServiceRequesterPool.swift in Sources */ = {isa = PBXBuildFile; fileRef = 614850172D1096410013DC06 /* ServiceRequesterPool.swift */; };
		6148523B2D15911E0013DC06 /* MapServiceRequester.swift in Sources */ = {isa = PBXBuildFile; fileRef = 614850192D1096410013DC06 /* MapServiceRequester.swift */; };
		6148523C2D15911E0013DC06 /* ServiceRequester.swift in Sources */ = {isa = PBXBuildFile; fileRef = 6148501A2D1096410013DC06 /* ServiceRequester.swift */; };
		6148523D2D15911E0013DC06 /* MapView.swift in Sources */ = {isa = PBXBuildFile; fileRef = 61255BC72D0ED7280018139E /* MapView.swift */; };
		6148523E2D15911E0013DC06 /* Transform.swift in Sources */ = {isa = PBXBuildFile; fileRef = 61255BC52D0ED22B0018139E /* Transform.swift */; };
		6148523F2D15911E0013DC06 /* ResolutionArray.swift in Sources */ = {isa = PBXBuildFile; fileRef = 61113A3C2CF0DCE700056FAF /* ResolutionArray.swift */; };
		614852402D15911E0013DC06 /* CacheWrapper.swift in Sources */ = {isa = PBXBuildFile; fileRef = 61D8C7112CEC424D004622F7 /* CacheWrapper.swift */; };
		614852412D15911E0013DC06 /* MapCache.swift in Sources */ = {isa = PBXBuildFile; fileRef = 61D8C70F2CEC4229004622F7 /* MapCache.swift */; };
		614852422D15911E0013DC06 /* TileCache.swift in Sources */ = {isa = PBXBuildFile; fileRef = 61D8C70A2CEC41FF004622F7 /* TileCache.swift */; };
		614852432D15911E0013DC06 /* TileRange.swift in Sources */ = {isa = PBXBuildFile; fileRef = 61255B982D0AFB5E0018139E /* TileRange.swift */; };
		614852442D15911E0013DC06 /* ImageTile.swift in Sources */ = {isa = PBXBuildFile; fileRef = 617D45F12CEC52B30064D298 /* ImageTile.swift */; };
		614852452D15911E0013DC06 /* TileCoordinate.swift in Sources */ = {isa = PBXBuildFile; fileRef = 617D45EF2CEC4E340064D298 /* TileCoordinate.swift */; };
		614852462D15911E0013DC06 /* Tile.swift in Sources */ = {isa = PBXBuildFile; fileRef = 61D8C7132CEC4298004622F7 /* Tile.swift */; };
		614852472D15911E0013DC06 /* EPSG3857.swift in Sources */ = {isa = PBXBuildFile; fileRef = 61D483C52CF1BEC900E52922 /* EPSG3857.swift */; };
		614852482D15911E0013DC06 /* EPSG4326.swift in Sources */ = {isa = PBXBuildFile; fileRef = 61255C452D0F072F0018139E /* EPSG4326.swift */; };
		614852492D15911E0013DC06 /* Projection.swift in Sources */ = {isa = PBXBuildFile; fileRef = 61DA3D782CEB13EE00D15C2E /* Projection.swift */; };
		6148524A2D15911E0013DC06 /* TileTMS.swift in Sources */ = {isa = PBXBuildFile; fileRef = 61255C622D0F4C430018139E /* TileTMS.swift */; };
		6148524B2D15911E0013DC06 /* TileWMS.swift in Sources */ = {isa = PBXBuildFile; fileRef = 61113A362CF0A92E00056FAF /* TileWMS.swift */; };
		6148524C2D15911E0013DC06 /* SourceTile.swift in Sources */ = {isa = PBXBuildFile; fileRef = 61D8C7032CEC3E33004622F7 /* SourceTile.swift */; };
		6148524D2D15911E0013DC06 /* ImageTileLayer.swift in Sources */ = {isa = PBXBuildFile; fileRef = 61255B9A2D0EC2DB0018139E /* ImageTileLayer.swift */; };
		6148524E2D15911E0013DC06 /* TileLayer.swift in Sources */ = {isa = PBXBuildFile; fileRef = 61113A342CF0A8D400056FAF /* TileLayer.swift */; };
		6148524F2D15911E0013DC06 /* MapExtent.swift in Sources */ = {isa = PBXBuildFile; fileRef = 61D8C7062CEC3F0A004622F7 /* MapExtent.swift */; };
		614852502D15911E0013DC06 /* Coordinate.swift in Sources */ = {isa = PBXBuildFile; fileRef = 61DA3D7A2CEB14E100D15C2E /* Coordinate.swift */; };
		614852512D15911E0013DC06 /* MapConfigurable.swift in Sources */ = {isa = PBXBuildFile; fileRef = 61DA3D752CEB11AC00D15C2E /* MapConfigurable.swift */; };
		614852522D15913A0013DC06 /* Colors.xcassets in Resources */ = {isa = PBXBuildFile; fileRef = 614850A52D12E8F70013DC06 /* Colors.xcassets */; };
		614852532D15913A0013DC06 /* Images.xcassets in Resources */ = {isa = PBXBuildFile; fileRef = 61DA3D152CEAFEE400D15C2E /* Images.xcassets */; };
		614852542D1591400013DC06 /* Colors.xcassets in Resources */ = {isa = PBXBuildFile; fileRef = 614850A52D12E8F70013DC06 /* Colors.xcassets */; };
		614852552D1591400013DC06 /* Images.xcassets in Resources */ = {isa = PBXBuildFile; fileRef = 61DA3D152CEAFEE400D15C2E /* Images.xcassets */; };
/* End PBXBuildFile section */

/* Begin PBXCopyFilesBuildPhase section */
		6191623B2D1008E500F17F76 /* Embed Frameworks */ = {
			isa = PBXCopyFilesBuildPhase;
			buildActionMask = 2147483647;
			dstPath = "";
			dstSubfolderSpec = 10;
			files = (
			);
			name = "Embed Frameworks";
			runOnlyForDeploymentPostprocessing = 0;
		};
/* End PBXCopyFilesBuildPhase section */

/* Begin PBXFileReference section */
		61113A342CF0A8D400056FAF /* TileLayer.swift */ = {isa = PBXFileReference; lastKnownFileType = sourcecode.swift; path = TileLayer.swift; sourceTree = "<group>"; };
		61113A362CF0A92E00056FAF /* TileWMS.swift */ = {isa = PBXFileReference; lastKnownFileType = sourcecode.swift; path = TileWMS.swift; sourceTree = "<group>"; };
		61113A3C2CF0DCE700056FAF /* ResolutionArray.swift */ = {isa = PBXFileReference; lastKnownFileType = sourcecode.swift; path = ResolutionArray.swift; sourceTree = "<group>"; };
		61255B982D0AFB5E0018139E /* TileRange.swift */ = {isa = PBXFileReference; lastKnownFileType = sourcecode.swift; path = TileRange.swift; sourceTree = "<group>"; };
		61255B9A2D0EC2DB0018139E /* ImageTileLayer.swift */ = {isa = PBXFileReference; lastKnownFileType = sourcecode.swift; path = ImageTileLayer.swift; sourceTree = "<group>"; };
		61255BC52D0ED22B0018139E /* Transform.swift */ = {isa = PBXFileReference; lastKnownFileType = sourcecode.swift; path = Transform.swift; sourceTree = "<group>"; };
		61255BC72D0ED7280018139E /* MapView.swift */ = {isa = PBXFileReference; lastKnownFileType = sourcecode.swift; path = MapView.swift; sourceTree = "<group>"; };
		61255C452D0F072F0018139E /* EPSG4326.swift */ = {isa = PBXFileReference; lastKnownFileType = sourcecode.swift; path = EPSG4326.swift; sourceTree = "<group>"; };
		61255C622D0F4C430018139E /* TileTMS.swift */ = {isa = PBXFileReference; lastKnownFileType = sourcecode.swift; path = TileTMS.swift; sourceTree = "<group>"; };
		614850162D1096410013DC06 /* MapServiceRequesterPool.swift */ = {isa = PBXFileReference; lastKnownFileType = sourcecode.swift; path = MapServiceRequesterPool.swift; sourceTree = "<group>"; };
		614850172D1096410013DC06 /* ServiceRequesterPool.swift */ = {isa = PBXFileReference; lastKnownFileType = sourcecode.swift; path = ServiceRequesterPool.swift; sourceTree = "<group>"; };
		614850192D1096410013DC06 /* MapServiceRequester.swift */ = {isa = PBXFileReference; lastKnownFileType = sourcecode.swift; path = MapServiceRequester.swift; sourceTree = "<group>"; };
		6148501A2D1096410013DC06 /* ServiceRequester.swift */ = {isa = PBXFileReference; lastKnownFileType = sourcecode.swift; path = ServiceRequester.swift; sourceTree = "<group>"; };
		614850332D1097030013DC06 /* MapView.framework */ = {isa = PBXFileReference; explicitFileType = wrapper.framework; includeInIndex = 0; path = MapView.framework; sourceTree = BUILT_PRODUCTS_DIR; };
		614850A52D12E8F70013DC06 /* Colors.xcassets */ = {isa = PBXFileReference; lastKnownFileType = folder.assetcatalog; path = Colors.xcassets; sourceTree = "<group>"; };
		614852172D158E6E0013DC06 /* MapView.framework */ = {isa = PBXFileReference; explicitFileType = wrapper.framework; includeInIndex = 0; path = MapView.framework; sourceTree = BUILT_PRODUCTS_DIR; };
		617D45EF2CEC4E340064D298 /* TileCoordinate.swift */ = {isa = PBXFileReference; lastKnownFileType = sourcecode.swift; path = TileCoordinate.swift; sourceTree = "<group>"; };
		617D45F12CEC52B30064D298 /* ImageTile.swift */ = {isa = PBXFileReference; lastKnownFileType = sourcecode.swift; path = ImageTile.swift; sourceTree = "<group>"; };
		61D483C32CF1B48000E52922 /* Comparable+Extensions.swift */ = {isa = PBXFileReference; lastKnownFileType = sourcecode.swift; path = "Comparable+Extensions.swift"; sourceTree = "<group>"; };
		61D483C52CF1BEC900E52922 /* EPSG3857.swift */ = {isa = PBXFileReference; lastKnownFileType = sourcecode.swift; path = EPSG3857.swift; sourceTree = "<group>"; };
		61D8C7032CEC3E33004622F7 /* SourceTile.swift */ = {isa = PBXFileReference; lastKnownFileType = sourcecode.swift; path = SourceTile.swift; sourceTree = "<group>"; };
		61D8C7062CEC3F0A004622F7 /* MapExtent.swift */ = {isa = PBXFileReference; lastKnownFileType = sourcecode.swift; path = MapExtent.swift; sourceTree = "<group>"; };
		61D8C70A2CEC41FF004622F7 /* TileCache.swift */ = {isa = PBXFileReference; lastKnownFileType = sourcecode.swift; path = TileCache.swift; sourceTree = "<group>"; };
		61D8C70F2CEC4229004622F7 /* MapCache.swift */ = {isa = PBXFileReference; lastKnownFileType = sourcecode.swift; path = MapCache.swift; sourceTree = "<group>"; };
		61D8C7112CEC424D004622F7 /* CacheWrapper.swift */ = {isa = PBXFileReference; lastKnownFileType = sourcecode.swift; path = CacheWrapper.swift; sourceTree = "<group>"; };
		61D8C7132CEC4298004622F7 /* Tile.swift */ = {isa = PBXFileReference; lastKnownFileType = sourcecode.swift; path = Tile.swift; sourceTree = "<group>"; };
		61D8C7212CEC44C6004622F7 /* MapViewTests.xctest */ = {isa = PBXFileReference; explicitFileType = wrapper.cfbundle; includeInIndex = 0; path = MapViewTests.xctest; sourceTree = BUILT_PRODUCTS_DIR; };
		61DA3D072CEAF7D900D15C2E /* Package.swift */ = {isa = PBXFileReference; lastKnownFileType = sourcecode.swift; path = Package.swift; sourceTree = "<group>"; };
		61DA3D152CEAFEE400D15C2E /* Images.xcassets */ = {isa = PBXFileReference; lastKnownFileType = folder.assetcatalog; path = Images.xcassets; sourceTree = "<group>"; };
		61DA3D252CEB000900D15C2E /* Bundle+Extensions.swift */ = {isa = PBXFileReference; lastKnownFileType = sourcecode.swift; path = "Bundle+Extensions.swift"; sourceTree = "<group>"; };
		61DA3D292CEB037A00D15C2E /* Info.plist */ = {isa = PBXFileReference; lastKnownFileType = text.plist.xml; path = Info.plist; sourceTree = "<group>"; };
		61DA3D2C2CEB0BF500D15C2E /* Double+Extensions.swift */ = {isa = PBXFileReference; lastKnownFileType = sourcecode.swift; path = "Double+Extensions.swift"; sourceTree = "<group>"; };
		61DA3D2E2CEB0C4300D15C2E /* Dictionary+Extensions.swift */ = {isa = PBXFileReference; lastKnownFileType = sourcecode.swift; path = "Dictionary+Extensions.swift"; sourceTree = "<group>"; };
		61DA3D752CEB11AC00D15C2E /* MapConfigurable.swift */ = {isa = PBXFileReference; lastKnownFileType = sourcecode.swift; path = MapConfigurable.swift; sourceTree = "<group>"; };
		61DA3D782CEB13EE00D15C2E /* Projection.swift */ = {isa = PBXFileReference; lastKnownFileType = sourcecode.swift; path = Projection.swift; sourceTree = "<group>"; };
		61DA3D7A2CEB14E100D15C2E /* Coordinate.swift */ = {isa = PBXFileReference; lastKnownFileType = sourcecode.swift; path = Coordinate.swift; sourceTree = "<group>"; };
/* End PBXFileReference section */

/* Begin PBXFileSystemSynchronizedRootGroup section */
		61D8C7222CEC44C6004622F7 /* MapViewTests */ = {
			isa = PBXFileSystemSynchronizedRootGroup;
			path = MapViewTests;
			sourceTree = "<group>";
		};
/* End PBXFileSystemSynchronizedRootGroup section */

/* Begin PBXFrameworksBuildPhase section */
		614850302D1097030013DC06 /* Frameworks */ = {
			isa = PBXFrameworksBuildPhase;
			buildActionMask = 2147483647;
			files = (
			);
			runOnlyForDeploymentPostprocessing = 0;
		};
		614852142D158E6E0013DC06 /* Frameworks */ = {
			isa = PBXFrameworksBuildPhase;
			buildActionMask = 2147483647;
			files = (
			);
			runOnlyForDeploymentPostprocessing = 0;
		};
		61D8C71E2CEC44C6004622F7 /* Frameworks */ = {
			isa = PBXFrameworksBuildPhase;
			buildActionMask = 2147483647;
			files = (
			);
			runOnlyForDeploymentPostprocessing = 0;
		};
/* End PBXFrameworksBuildPhase section */

/* Begin PBXGroup section */
		61113A332CF0A8A900056FAF /* Layer */ = {
			isa = PBXGroup;
			children = (
				61255B9A2D0EC2DB0018139E /* ImageTileLayer.swift */,
				61113A342CF0A8D400056FAF /* TileLayer.swift */,
			);
			path = Layer;
			sourceTree = "<group>";
		};
		61113A3B2CF0DCE200056FAF /* Array */ = {
			isa = PBXGroup;
			children = (
				61113A3C2CF0DCE700056FAF /* ResolutionArray.swift */,
			);
			path = Array;
			sourceTree = "<group>";
		};
		61255BC42D0ED1EA0018139E /* Transform */ = {
			isa = PBXGroup;
			children = (
				61255BC52D0ED22B0018139E /* Transform.swift */,
			);
			path = Transform;
			sourceTree = "<group>";
		};
		614850182D1096410013DC06 /* Pool */ = {
			isa = PBXGroup;
			children = (
				614850162D1096410013DC06 /* MapServiceRequesterPool.swift */,
				614850172D1096410013DC06 /* ServiceRequesterPool.swift */,
			);
			path = Pool;
			sourceTree = "<group>";
		};
		6148501B2D1096410013DC06 /* Requester */ = {
			isa = PBXGroup;
			children = (
				614850182D1096410013DC06 /* Pool */,
				614850192D1096410013DC06 /* MapServiceRequester.swift */,
				6148501A2D1096410013DC06 /* ServiceRequester.swift */,
			);
			path = Requester;
			sourceTree = "<group>";
		};
		619162362D1008E500F17F76 /* Frameworks */ = {
			isa = PBXGroup;
			children = (
			);
			name = Frameworks;
			sourceTree = "<group>";
		};
		61D8C7022CEC3E2E004622F7 /* Source */ = {
			isa = PBXGroup;
			children = (
				61255C622D0F4C430018139E /* TileTMS.swift */,
				61113A362CF0A92E00056FAF /* TileWMS.swift */,
				61D8C7032CEC3E33004622F7 /* SourceTile.swift */,
			);
			path = Source;
			sourceTree = "<group>";
		};
		61D8C7052CEC3EF8004622F7 /* Tile */ = {
			isa = PBXGroup;
			children = (
				61255B982D0AFB5E0018139E /* TileRange.swift */,
				617D45F12CEC52B30064D298 /* ImageTile.swift */,
				617D45EF2CEC4E340064D298 /* TileCoordinate.swift */,
				61D8C7132CEC4298004622F7 /* Tile.swift */,
			);
			path = Tile;
			sourceTree = "<group>";
		};
		61D8C70C2CEC4213004622F7 /* Cache */ = {
			isa = PBXGroup;
			children = (
				61D8C7112CEC424D004622F7 /* CacheWrapper.swift */,
				61D8C70F2CEC4229004622F7 /* MapCache.swift */,
				61D8C70A2CEC41FF004622F7 /* TileCache.swift */,
			);
			path = Cache;
			sourceTree = "<group>";
		};
		61DA3CDE2CEAF73F00D15C2E = {
			isa = PBXGroup;
			children = (
				61DA3D222CEAFFA700D15C2E /* Sources */,
				61DA3D072CEAF7D900D15C2E /* Package.swift */,
				61D8C7222CEC44C6004622F7 /* MapViewTests */,
				619162362D1008E500F17F76 /* Frameworks */,
				61DA3CE92CEAF73F00D15C2E /* Products */,
			);
			sourceTree = "<group>";
		};
		61DA3CE92CEAF73F00D15C2E /* Products */ = {
			isa = PBXGroup;
			children = (
				61D8C7212CEC44C6004622F7 /* MapViewTests.xctest */,
				614850332D1097030013DC06 /* MapView.framework */,
				614852172D158E6E0013DC06 /* MapView.framework */,
			);
			name = Products;
			sourceTree = "<group>";
		};
		61DA3D222CEAFFA700D15C2E /* Sources */ = {
			isa = PBXGroup;
			children = (
				61DA3D732CEB115700D15C2E /* Core */,
				61DA3D292CEB037A00D15C2E /* Info.plist */,
				61DA3D232CEAFFAD00D15C2E /* Resources */,
				61DA3D242CEAFFF700D15C2E /* Utils */,
			);
			path = Sources;
			sourceTree = "<group>";
		};
		61DA3D232CEAFFAD00D15C2E /* Resources */ = {
			isa = PBXGroup;
			children = (
				614850A52D12E8F70013DC06 /* Colors.xcassets */,
				61DA3D152CEAFEE400D15C2E /* Images.xcassets */,
			);
			path = Resources;
			sourceTree = "<group>";
		};
		61DA3D242CEAFFF700D15C2E /* Utils */ = {
			isa = PBXGroup;
			children = (
				61D483C32CF1B48000E52922 /* Comparable+Extensions.swift */,
				61DA3D2E2CEB0C4300D15C2E /* Dictionary+Extensions.swift */,
				61DA3D2C2CEB0BF500D15C2E /* Double+Extensions.swift */,
				61DA3D252CEB000900D15C2E /* Bundle+Extensions.swift */,
			);
			path = Utils;
			sourceTree = "<group>";
		};
		61DA3D732CEB115700D15C2E /* Core */ = {
			isa = PBXGroup;
			children = (
				6148501B2D1096410013DC06 /* Requester */,
				61255BC72D0ED7280018139E /* MapView.swift */,
				61255BC42D0ED1EA0018139E /* Transform */,
				61113A3B2CF0DCE200056FAF /* Array */,
				61D8C70C2CEC4213004622F7 /* Cache */,
				61D8C7052CEC3EF8004622F7 /* Tile */,
				61DA3D772CEB124600D15C2E /* Projection */,
				61D8C7022CEC3E2E004622F7 /* Source */,
				61113A332CF0A8A900056FAF /* Layer */,
				61D8C7062CEC3F0A004622F7 /* MapExtent.swift */,
				61DA3D7A2CEB14E100D15C2E /* Coordinate.swift */,
				61DA3D752CEB11AC00D15C2E /* MapConfigurable.swift */,
			);
			path = Core;
			sourceTree = "<group>";
		};
		61DA3D772CEB124600D15C2E /* Projection */ = {
			isa = PBXGroup;
			children = (
				61D483C52CF1BEC900E52922 /* EPSG3857.swift */,
				61255C452D0F072F0018139E /* EPSG4326.swift */,
				61DA3D782CEB13EE00D15C2E /* Projection.swift */,
			);
			path = Projection;
			sourceTree = "<group>";
		};
/* End PBXGroup section */

/* Begin PBXHeadersBuildPhase section */
		6148502E2D1097030013DC06 /* Headers */ = {
			isa = PBXHeadersBuildPhase;
			buildActionMask = 2147483647;
			files = (
			);
			runOnlyForDeploymentPostprocessing = 0;
		};
		614852122D158E6E0013DC06 /* Headers */ = {
			isa = PBXHeadersBuildPhase;
			buildActionMask = 2147483647;
			files = (
			);
			runOnlyForDeploymentPostprocessing = 0;
		};
/* End PBXHeadersBuildPhase section */

/* Begin PBXNativeTarget section */
		614850322D1097030013DC06 /* MapView iOS */ = {
			isa = PBXNativeTarget;
			buildConfigurationList = 614850382D1097030013DC06 /* Build configuration list for PBXNativeTarget "MapView iOS" */;
			buildPhases = (
				6148502E2D1097030013DC06 /* Headers */,
				6148502F2D1097030013DC06 /* Sources */,
				614850302D1097030013DC06 /* Frameworks */,
				614850312D1097030013DC06 /* Resources */,
			);
			buildRules = (
			);
			dependencies = (
			);
			name = "MapView iOS";
			packageProductDependencies = (
			);
			productName = "MapView iOS";
			productReference = 614850332D1097030013DC06 /* MapView.framework */;
			productType = "com.apple.product-type.framework";
		};
		614852162D158E6E0013DC06 /* MapView macOS */ = {
			isa = PBXNativeTarget;
			buildConfigurationList = 6148521C2D158E6E0013DC06 /* Build configuration list for PBXNativeTarget "MapView macOS" */;
			buildPhases = (
				614852122D158E6E0013DC06 /* Headers */,
				614852132D158E6E0013DC06 /* Sources */,
				614852142D158E6E0013DC06 /* Frameworks */,
				614852152D158E6E0013DC06 /* Resources */,
			);
			buildRules = (
			);
			dependencies = (
			);
			name = "MapView macOS";
			packageProductDependencies = (
			);
			productName = "MapView macOS";
			productReference = 614852172D158E6E0013DC06 /* MapView.framework */;
			productType = "com.apple.product-type.framework";
		};
		61D8C7202CEC44C6004622F7 /* MapViewTests */ = {
			isa = PBXNativeTarget;
			buildConfigurationList = 61D8C7282CEC44C6004622F7 /* Build configuration list for PBXNativeTarget "MapViewTests" */;
			buildPhases = (
				61D8C71D2CEC44C6004622F7 /* Sources */,
				61D8C71E2CEC44C6004622F7 /* Frameworks */,
				61D8C71F2CEC44C6004622F7 /* Resources */,
				6191623B2D1008E500F17F76 /* Embed Frameworks */,
			);
			buildRules = (
			);
			dependencies = (
			);
			fileSystemSynchronizedGroups = (
				61D8C7222CEC44C6004622F7 /* MapViewTests */,
			);
			name = MapViewTests;
			packageProductDependencies = (
			);
			productName = MapViewTests;
			productReference = 61D8C7212CEC44C6004622F7 /* MapViewTests.xctest */;
			productType = "com.apple.product-type.bundle.unit-test";
		};
/* End PBXNativeTarget section */

/* Begin PBXProject section */
		61DA3CDF2CEAF73F00D15C2E /* Project object */ = {
			isa = PBXProject;
			attributes = {
				BuildIndependentTargetsInParallel = 1;
				LastSwiftUpdateCheck = 1610;
				LastUpgradeCheck = 1620;
				ORGANIZATIONNAME = MapView;
				TargetAttributes = {
					614850322D1097030013DC06 = {
						CreatedOnToolsVersion = 16.2;
					};
					614852162D158E6E0013DC06 = {
						CreatedOnToolsVersion = 16.2;
					};
					61D8C7202CEC44C6004622F7 = {
						CreatedOnToolsVersion = 16.1;
					};
				};
			};
			buildConfigurationList = 61DA3CE22CEAF73F00D15C2E /* Build configuration list for PBXProject "MapView" */;
			developmentRegion = en;
			hasScannedForEncodings = 0;
			knownRegions = (
				en,
				Base,
			);
			mainGroup = 61DA3CDE2CEAF73F00D15C2E;
			minimizedProjectReferenceProxies = 1;
			preferredProjectObjectVersion = 77;
			productRefGroup = 61DA3CE92CEAF73F00D15C2E /* Products */;
			projectDirPath = "";
			projectRoot = "";
			targets = (
				614850322D1097030013DC06 /* MapView iOS */,
				61D8C7202CEC44C6004622F7 /* MapViewTests */,
				614852162D158E6E0013DC06 /* MapView macOS */,
			);
		};
/* End PBXProject section */

/* Begin PBXResourcesBuildPhase section */
		614850312D1097030013DC06 /* Resources */ = {
			isa = PBXResourcesBuildPhase;
			buildActionMask = 2147483647;
			files = (
				614852522D15913A0013DC06 /* Colors.xcassets in Resources */,
				614852532D15913A0013DC06 /* Images.xcassets in Resources */,
			);
			runOnlyForDeploymentPostprocessing = 0;
		};
		614852152D158E6E0013DC06 /* Resources */ = {
			isa = PBXResourcesBuildPhase;
			buildActionMask = 2147483647;
			files = (
				614852542D1591400013DC06 /* Colors.xcassets in Resources */,
				614852552D1591400013DC06 /* Images.xcassets in Resources */,
			);
			runOnlyForDeploymentPostprocessing = 0;
		};
		61D8C71F2CEC44C6004622F7 /* Resources */ = {
			isa = PBXResourcesBuildPhase;
			buildActionMask = 2147483647;
			files = (
			);
			runOnlyForDeploymentPostprocessing = 0;
		};
/* End PBXResourcesBuildPhase section */

/* Begin PBXSourcesBuildPhase section */
		6148502F2D1097030013DC06 /* Sources */ = {
			isa = PBXSourcesBuildPhase;
			buildActionMask = 2147483647;
			files = (
				614852392D15911E0013DC06 /* MapServiceRequesterPool.swift in Sources */,
				6148523A2D15911E0013DC06 /* ServiceRequesterPool.swift in Sources */,
				6148523B2D15911E0013DC06 /* MapServiceRequester.swift in Sources */,
				6148523C2D15911E0013DC06 /* ServiceRequester.swift in Sources */,
				6148523D2D15911E0013DC06 /* MapView.swift in Sources */,
				6148523E2D15911E0013DC06 /* Transform.swift in Sources */,
				6148523F2D15911E0013DC06 /* ResolutionArray.swift in Sources */,
				614852402D15911E0013DC06 /* CacheWrapper.swift in Sources */,
				614852412D15911E0013DC06 /* MapCache.swift in Sources */,
				614852422D15911E0013DC06 /* TileCache.swift in Sources */,
				614852432D15911E0013DC06 /* TileRange.swift in Sources */,
				614852442D15911E0013DC06 /* ImageTile.swift in Sources */,
				614852452D15911E0013DC06 /* TileCoordinate.swift in Sources */,
				614852462D15911E0013DC06 /* Tile.swift in Sources */,
				614852472D15911E0013DC06 /* EPSG3857.swift in Sources */,
				614852482D15911E0013DC06 /* EPSG4326.swift in Sources */,
				614852492D15911E0013DC06 /* Projection.swift in Sources */,
				6148524A2D15911E0013DC06 /* TileTMS.swift in Sources */,
				6148524B2D15911E0013DC06 /* TileWMS.swift in Sources */,
				6148524C2D15911E0013DC06 /* SourceTile.swift in Sources */,
				6148524D2D15911E0013DC06 /* ImageTileLayer.swift in Sources */,
				6148524E2D15911E0013DC06 /* TileLayer.swift in Sources */,
				6148524F2D15911E0013DC06 /* MapExtent.swift in Sources */,
				614852502D15911E0013DC06 /* Coordinate.swift in Sources */,
				614852512D15911E0013DC06 /* MapConfigurable.swift in Sources */,
			);
			runOnlyForDeploymentPostprocessing = 0;
		};
		614852132D158E6E0013DC06 /* Sources */ = {
			isa = PBXSourcesBuildPhase;
			buildActionMask = 2147483647;
			files = (
				614852202D15910D0013DC06 /* MapServiceRequesterPool.swift in Sources */,
				614852212D15910D0013DC06 /* ServiceRequesterPool.swift in Sources */,
				614852222D15910D0013DC06 /* MapServiceRequester.swift in Sources */,
				614852232D15910D0013DC06 /* ServiceRequester.swift in Sources */,
				614852242D15910D0013DC06 /* MapView.swift in Sources */,
				614852252D15910D0013DC06 /* Transform.swift in Sources */,
				614852262D15910D0013DC06 /* ResolutionArray.swift in Sources */,
				614852272D15910D0013DC06 /* CacheWrapper.swift in Sources */,
				614852282D15910D0013DC06 /* MapCache.swift in Sources */,
				614852292D15910D0013DC06 /* TileCache.swift in Sources */,
				6148522A2D15910D0013DC06 /* TileRange.swift in Sources */,
				6148522B2D15910D0013DC06 /* ImageTile.swift in Sources */,
				6148522C2D15910D0013DC06 /* TileCoordinate.swift in Sources */,
				6148522D2D15910D0013DC06 /* Tile.swift in Sources */,
				6148522E2D15910D0013DC06 /* EPSG3857.swift in Sources */,
				6148522F2D15910D0013DC06 /* EPSG4326.swift in Sources */,
				614852302D15910D0013DC06 /* Projection.swift in Sources */,
				614852312D15910D0013DC06 /* TileTMS.swift in Sources */,
				614852322D15910D0013DC06 /* TileWMS.swift in Sources */,
				614852332D15910D0013DC06 /* SourceTile.swift in Sources */,
				614852342D15910D0013DC06 /* ImageTileLayer.swift in Sources */,
				614852352D15910D0013DC06 /* TileLayer.swift in Sources */,
				614852362D15910D0013DC06 /* MapExtent.swift in Sources */,
				614852372D15910D0013DC06 /* Coordinate.swift in Sources */,
				614852382D15910D0013DC06 /* MapConfigurable.swift in Sources */,
			);
			runOnlyForDeploymentPostprocessing = 0;
		};
		61D8C71D2CEC44C6004622F7 /* Sources */ = {
			isa = PBXSourcesBuildPhase;
			buildActionMask = 2147483647;
			files = (
			);
			runOnlyForDeploymentPostprocessing = 0;
		};
/* End PBXSourcesBuildPhase section */

/* Begin XCBuildConfiguration section */
		614850392D1097030013DC06 /* Debug */ = {
			isa = XCBuildConfiguration;
			buildSettings = {
				BUILD_LIBRARY_FOR_DISTRIBUTION = NO;
				CODE_SIGN_IDENTITY = "";
				CODE_SIGN_STYLE = Automatic;
				CURRENT_PROJECT_VERSION = 1;
				DEFINES_MODULE = NO;
				DEVELOPMENT_TEAM = "";
				DYLIB_COMPATIBILITY_VERSION = 1;
				DYLIB_CURRENT_VERSION = 1;
				DYLIB_INSTALL_NAME_BASE = "@rpath";
				ENABLE_MODULE_VERIFIER = "$(CLANG_MODULES_ENABLE_VERIFIER_TOOL)";
				GENERATE_INFOPLIST_FILE = NO;
				INFOPLIST_FILE = Sources/Info.plist;
				INFOPLIST_KEY_NSHumanReadableCopyright = "";
				INSTALL_PATH = "$(LOCAL_LIBRARY_DIR)/Frameworks";
				IPHONEOS_DEPLOYMENT_TARGET = 14.0;
				LD_RUNPATH_SEARCH_PATHS = (
					"$(inherited)",
					"@executable_path/Frameworks",
					"@loader_path/Frameworks",
				);
				MACOSX_DEPLOYMENT_TARGET = 10.12;
				MARKETING_VERSION = 1.0;
				MODULE_VERIFIER_SUPPORTED_LANGUAGES = "objective-c objective-c++";
				MODULE_VERIFIER_SUPPORTED_LANGUAGE_STANDARDS = "gnu17 gnu++20";
				PRODUCT_BUNDLE_IDENTIFIER = net.devswift.MapView;
				PRODUCT_NAME = MapView;
				SDKROOT = iphoneos;
				SKIP_INSTALL = YES;
				SWIFT_EMIT_LOC_STRINGS = YES;
				SWIFT_INSTALL_OBJC_HEADER = NO;
				SWIFT_VERSION = 5.0;
				TARGETED_DEVICE_FAMILY = "1,2";
			};
			name = Debug;
		};
		6148503A2D1097030013DC06 /* Release */ = {
			isa = XCBuildConfiguration;
			buildSettings = {
				BUILD_LIBRARY_FOR_DISTRIBUTION = NO;
				CODE_SIGN_IDENTITY = "";
				CODE_SIGN_STYLE = Automatic;
				CURRENT_PROJECT_VERSION = 1;
				DEFINES_MODULE = NO;
				DEVELOPMENT_TEAM = "";
				DYLIB_COMPATIBILITY_VERSION = 1;
				DYLIB_CURRENT_VERSION = 1;
				DYLIB_INSTALL_NAME_BASE = "@rpath";
				ENABLE_MODULE_VERIFIER = "$(CLANG_MODULES_ENABLE_VERIFIER_TOOL)";
				GENERATE_INFOPLIST_FILE = NO;
				INFOPLIST_FILE = Sources/Info.plist;
				INFOPLIST_KEY_NSHumanReadableCopyright = "";
				INSTALL_PATH = "$(LOCAL_LIBRARY_DIR)/Frameworks";
				IPHONEOS_DEPLOYMENT_TARGET = 14.0;
				LD_RUNPATH_SEARCH_PATHS = (
					"$(inherited)",
					"@executable_path/Frameworks",
					"@loader_path/Frameworks",
				);
				MACOSX_DEPLOYMENT_TARGET = 10.12;
				MARKETING_VERSION = 1.0;
				MODULE_VERIFIER_SUPPORTED_LANGUAGES = "objective-c objective-c++";
				MODULE_VERIFIER_SUPPORTED_LANGUAGE_STANDARDS = "gnu17 gnu++20";
				PRODUCT_BUNDLE_IDENTIFIER = net.devswift.MapView;
				PRODUCT_NAME = MapView;
				SDKROOT = iphoneos;
				SKIP_INSTALL = YES;
				SWIFT_EMIT_LOC_STRINGS = YES;
				SWIFT_INSTALL_OBJC_HEADER = NO;
				SWIFT_VERSION = 5.0;
				TARGETED_DEVICE_FAMILY = "1,2";
			};
			name = Release;
		};
		6148521D2D158E6E0013DC06 /* Debug */ = {
			isa = XCBuildConfiguration;
			buildSettings = {
				BUILD_LIBRARY_FOR_DISTRIBUTION = NO;
				CODE_SIGN_STYLE = Automatic;
				CURRENT_PROJECT_VERSION = 1;
				DEAD_CODE_STRIPPING = YES;
				DEFINES_MODULE = YES;
				DEVELOPMENT_TEAM = "";
				DYLIB_COMPATIBILITY_VERSION = 1;
				DYLIB_CURRENT_VERSION = 1;
				DYLIB_INSTALL_NAME_BASE = "@rpath";
				ENABLE_MODULE_VERIFIER = "$(CLANG_MODULES_ENABLE_VERIFIER_TOOL)";
				GENERATE_INFOPLIST_FILE = NO;
				INFOPLIST_FILE = Sources/Info.plist;
				INSTALL_PATH = "$(LOCAL_LIBRARY_DIR)/Frameworks";
				IPHONEOS_DEPLOYMENT_TARGET = 14.0;
				LD_RUNPATH_SEARCH_PATHS = (
					"$(inherited)",
					"@executable_path/Frameworks",
					"@loader_path/Frameworks",
				);
				MACOSX_DEPLOYMENT_TARGET = 10.12;
				MARKETING_VERSION = 1.0;
				MODULE_VERIFIER_SUPPORTED_LANGUAGES = "objective-c objective-c++";
				MODULE_VERIFIER_SUPPORTED_LANGUAGE_STANDARDS = "gnu17 gnu++20";
				PRODUCT_BUNDLE_IDENTIFIER = net.devswift.MapView;
				PRODUCT_NAME = MapView;
				SDKROOT = macosx;
				SKIP_INSTALL = YES;
				SWIFT_EMIT_LOC_STRINGS = YES;
				SWIFT_INSTALL_OBJC_HEADER = NO;
				SWIFT_VERSION = 5.0;
				TARGETED_DEVICE_FAMILY = "1,2";
			};
			name = Debug;
		};
		6148521E2D158E6E0013DC06 /* Release */ = {
			isa = XCBuildConfiguration;
			buildSettings = {
				BUILD_LIBRARY_FOR_DISTRIBUTION = NO;
				CODE_SIGN_STYLE = Automatic;
				CURRENT_PROJECT_VERSION = 1;
				DEAD_CODE_STRIPPING = YES;
				DEFINES_MODULE = YES;
				DEVELOPMENT_TEAM = "";
				DYLIB_COMPATIBILITY_VERSION = 1;
				DYLIB_CURRENT_VERSION = 1;
				DYLIB_INSTALL_NAME_BASE = "@rpath";
				ENABLE_MODULE_VERIFIER = "$(CLANG_MODULES_ENABLE_VERIFIER_TOOL)";
				GENERATE_INFOPLIST_FILE = NO;
				INFOPLIST_FILE = Sources/Info.plist;
				INSTALL_PATH = "$(LOCAL_LIBRARY_DIR)/Frameworks";
				IPHONEOS_DEPLOYMENT_TARGET = 14.0;
				LD_RUNPATH_SEARCH_PATHS = (
					"$(inherited)",
					"@executable_path/Frameworks",
					"@loader_path/Frameworks",
				);
				MACOSX_DEPLOYMENT_TARGET = 10.12;
				MARKETING_VERSION = 1.0;
				MODULE_VERIFIER_SUPPORTED_LANGUAGES = "objective-c objective-c++";
				MODULE_VERIFIER_SUPPORTED_LANGUAGE_STANDARDS = "gnu17 gnu++20";
				PRODUCT_BUNDLE_IDENTIFIER = net.devswift.MapView;
				PRODUCT_NAME = MapView;
				SDKROOT = macosx;
				SKIP_INSTALL = YES;
				SWIFT_EMIT_LOC_STRINGS = YES;
				SWIFT_INSTALL_OBJC_HEADER = NO;
				SWIFT_VERSION = 5.0;
				TARGETED_DEVICE_FAMILY = "1,2";
			};
			name = Release;
		};
		61D8C7292CEC44C6004622F7 /* Debug */ = {
			isa = XCBuildConfiguration;
			buildSettings = {
				CODE_SIGN_STYLE = Automatic;
				CURRENT_PROJECT_VERSION = 1;
				DEVELOPMENT_TEAM = B5VBLCZU85;
				GENERATE_INFOPLIST_FILE = YES;
				IPHONEOS_DEPLOYMENT_TARGET = 14.0;
				MARKETING_VERSION = 1.0;
				PRODUCT_BUNDLE_IDENTIFIER = net.devswift.MapViewTests;
				PRODUCT_NAME = "$(TARGET_NAME)";
				SWIFT_EMIT_LOC_STRINGS = NO;
				SWIFT_VERSION = 5.0;
				TARGETED_DEVICE_FAMILY = "1,2";
			};
			name = Debug;
		};
		61D8C72A2CEC44C6004622F7 /* Release */ = {
			isa = XCBuildConfiguration;
			buildSettings = {
				CODE_SIGN_STYLE = Automatic;
				CURRENT_PROJECT_VERSION = 1;
				DEVELOPMENT_TEAM = B5VBLCZU85;
				GENERATE_INFOPLIST_FILE = YES;
				IPHONEOS_DEPLOYMENT_TARGET = 14.0;
				MARKETING_VERSION = 1.0;
				PRODUCT_BUNDLE_IDENTIFIER = net.devswift.MapViewTests;
				PRODUCT_NAME = "$(TARGET_NAME)";
				SWIFT_EMIT_LOC_STRINGS = NO;
				SWIFT_VERSION = 5.0;
				TARGETED_DEVICE_FAMILY = "1,2";
			};
			name = Release;
		};
		61DA3CFE2CEAF73F00D15C2E /* Debug */ = {
			isa = XCBuildConfiguration;
			buildSettings = {
				ALWAYS_SEARCH_USER_PATHS = NO;
				ASSETCATALOG_COMPILER_GENERATE_SWIFT_ASSET_SYMBOL_EXTENSIONS = YES;
				CLANG_ANALYZER_NONNULL = YES;
				CLANG_ANALYZER_NUMBER_OBJECT_CONVERSION = YES_AGGRESSIVE;
				CLANG_CXX_LANGUAGE_STANDARD = "gnu++20";
				CLANG_ENABLE_MODULES = YES;
				CLANG_ENABLE_OBJC_ARC = YES;
				CLANG_ENABLE_OBJC_WEAK = YES;
				CLANG_WARN_BLOCK_CAPTURE_AUTORELEASING = YES;
				CLANG_WARN_BOOL_CONVERSION = YES;
				CLANG_WARN_COMMA = YES;
				CLANG_WARN_CONSTANT_CONVERSION = YES;
				CLANG_WARN_DEPRECATED_OBJC_IMPLEMENTATIONS = YES;
				CLANG_WARN_DIRECT_OBJC_ISA_USAGE = YES_ERROR;
				CLANG_WARN_DOCUMENTATION_COMMENTS = YES;
				CLANG_WARN_EMPTY_BODY = YES;
				CLANG_WARN_ENUM_CONVERSION = YES;
				CLANG_WARN_INFINITE_RECURSION = YES;
				CLANG_WARN_INT_CONVERSION = YES;
				CLANG_WARN_NON_LITERAL_NULL_CONVERSION = YES;
				CLANG_WARN_OBJC_IMPLICIT_RETAIN_SELF = YES;
				CLANG_WARN_OBJC_LITERAL_CONVERSION = YES;
				CLANG_WARN_OBJC_ROOT_CLASS = YES_ERROR;
				CLANG_WARN_QUOTED_INCLUDE_IN_FRAMEWORK_HEADER = YES;
				CLANG_WARN_RANGE_LOOP_ANALYSIS = YES;
				CLANG_WARN_STRICT_PROTOTYPES = YES;
				CLANG_WARN_SUSPICIOUS_MOVE = YES;
				CLANG_WARN_UNGUARDED_AVAILABILITY = YES_AGGRESSIVE;
				CLANG_WARN_UNREACHABLE_CODE = YES;
				CLANG_WARN__DUPLICATE_METHOD_MATCH = YES;
				COPY_PHASE_STRIP = NO;
				CURRENT_PROJECT_VERSION = 1;
				DEBUG_INFORMATION_FORMAT = dwarf;
				ENABLE_STRICT_OBJC_MSGSEND = YES;
				ENABLE_TESTABILITY = YES;
				ENABLE_USER_SCRIPT_SANDBOXING = YES;
				GCC_C_LANGUAGE_STANDARD = gnu17;
				GCC_DYNAMIC_NO_PIC = NO;
				GCC_NO_COMMON_BLOCKS = YES;
				GCC_OPTIMIZATION_LEVEL = 0;
				GCC_PREPROCESSOR_DEFINITIONS = (
					"DEBUG=1",
					"$(inherited)",
				);
				GCC_WARN_64_TO_32_BIT_CONVERSION = YES;
				GCC_WARN_ABOUT_RETURN_TYPE = YES_ERROR;
				GCC_WARN_UNDECLARED_SELECTOR = YES;
				GCC_WARN_UNINITIALIZED_AUTOS = YES_AGGRESSIVE;
				GCC_WARN_UNUSED_FUNCTION = YES;
				GCC_WARN_UNUSED_VARIABLE = YES;
				IPHONEOS_DEPLOYMENT_TARGET = 14.0;
				LOCALIZATION_PREFERS_STRING_CATALOGS = YES;
				MACOSX_DEPLOYMENT_TARGET = 11.5;
				MTL_ENABLE_DEBUG_INFO = INCLUDE_SOURCE;
				MTL_FAST_MATH = YES;
				ONLY_ACTIVE_ARCH = YES;
				SDKROOT = "";
				SWIFT_ACTIVE_COMPILATION_CONDITIONS = "DEBUG $(inherited)";
				SWIFT_OPTIMIZATION_LEVEL = "-Onone";
				TVOS_DEPLOYMENT_TARGET = 15.6;
				VERSIONING_SYSTEM = "apple-generic";
				VERSION_INFO_PREFIX = "";
				WATCHOS_DEPLOYMENT_TARGET = 8.7;
				XROS_DEPLOYMENT_TARGET = 1.3;
			};
			name = Debug;
		};
		61DA3CFF2CEAF73F00D15C2E /* Release */ = {
			isa = XCBuildConfiguration;
			buildSettings = {
				ALWAYS_SEARCH_USER_PATHS = NO;
				ASSETCATALOG_COMPILER_GENERATE_SWIFT_ASSET_SYMBOL_EXTENSIONS = YES;
				CLANG_ANALYZER_NONNULL = YES;
				CLANG_ANALYZER_NUMBER_OBJECT_CONVERSION = YES_AGGRESSIVE;
				CLANG_CXX_LANGUAGE_STANDARD = "gnu++20";
				CLANG_ENABLE_MODULES = YES;
				CLANG_ENABLE_OBJC_ARC = YES;
				CLANG_ENABLE_OBJC_WEAK = YES;
				CLANG_WARN_BLOCK_CAPTURE_AUTORELEASING = YES;
				CLANG_WARN_BOOL_CONVERSION = YES;
				CLANG_WARN_COMMA = YES;
				CLANG_WARN_CONSTANT_CONVERSION = YES;
				CLANG_WARN_DEPRECATED_OBJC_IMPLEMENTATIONS = YES;
				CLANG_WARN_DIRECT_OBJC_ISA_USAGE = YES_ERROR;
				CLANG_WARN_DOCUMENTATION_COMMENTS = YES;
				CLANG_WARN_EMPTY_BODY = YES;
				CLANG_WARN_ENUM_CONVERSION = YES;
				CLANG_WARN_INFINITE_RECURSION = YES;
				CLANG_WARN_INT_CONVERSION = YES;
				CLANG_WARN_NON_LITERAL_NULL_CONVERSION = YES;
				CLANG_WARN_OBJC_IMPLICIT_RETAIN_SELF = YES;
				CLANG_WARN_OBJC_LITERAL_CONVERSION = YES;
				CLANG_WARN_OBJC_ROOT_CLASS = YES_ERROR;
				CLANG_WARN_QUOTED_INCLUDE_IN_FRAMEWORK_HEADER = YES;
				CLANG_WARN_RANGE_LOOP_ANALYSIS = YES;
				CLANG_WARN_STRICT_PROTOTYPES = YES;
				CLANG_WARN_SUSPICIOUS_MOVE = YES;
				CLANG_WARN_UNGUARDED_AVAILABILITY = YES_AGGRESSIVE;
				CLANG_WARN_UNREACHABLE_CODE = YES;
				CLANG_WARN__DUPLICATE_METHOD_MATCH = YES;
				COPY_PHASE_STRIP = NO;
				CURRENT_PROJECT_VERSION = 1;
				DEBUG_INFORMATION_FORMAT = "dwarf-with-dsym";
				ENABLE_NS_ASSERTIONS = NO;
				ENABLE_STRICT_OBJC_MSGSEND = YES;
				ENABLE_USER_SCRIPT_SANDBOXING = YES;
				GCC_C_LANGUAGE_STANDARD = gnu17;
				GCC_NO_COMMON_BLOCKS = YES;
				GCC_WARN_64_TO_32_BIT_CONVERSION = YES;
				GCC_WARN_ABOUT_RETURN_TYPE = YES_ERROR;
				GCC_WARN_UNDECLARED_SELECTOR = YES;
				GCC_WARN_UNINITIALIZED_AUTOS = YES_AGGRESSIVE;
				GCC_WARN_UNUSED_FUNCTION = YES;
				GCC_WARN_UNUSED_VARIABLE = YES;
				IPHONEOS_DEPLOYMENT_TARGET = 14.0;
				LOCALIZATION_PREFERS_STRING_CATALOGS = YES;
				MACOSX_DEPLOYMENT_TARGET = 11.5;
				MTL_ENABLE_DEBUG_INFO = NO;
				MTL_FAST_MATH = YES;
				SDKROOT = "";
				SWIFT_COMPILATION_MODE = wholemodule;
				TVOS_DEPLOYMENT_TARGET = 15.6;
				VALIDATE_PRODUCT = YES;
				VERSIONING_SYSTEM = "apple-generic";
				VERSION_INFO_PREFIX = "";
				WATCHOS_DEPLOYMENT_TARGET = 8.7;
				XROS_DEPLOYMENT_TARGET = 1.3;
			};
			name = Release;
		};
/* End XCBuildConfiguration section */

/* Begin XCConfigurationList section */
		614850382D1097030013DC06 /* Build configuration list for PBXNativeTarget "MapView iOS" */ = {
			isa = XCConfigurationList;
			buildConfigurations = (
				614850392D1097030013DC06 /* Debug */,
				6148503A2D1097030013DC06 /* Release */,
			);
			defaultConfigurationIsVisible = 0;
			defaultConfigurationName = Release;
		};
		6148521C2D158E6E0013DC06 /* Build configuration list for PBXNativeTarget "MapView macOS" */ = {
			isa = XCConfigurationList;
			buildConfigurations = (
				6148521D2D158E6E0013DC06 /* Debug */,
				6148521E2D158E6E0013DC06 /* Release */,
			);
			defaultConfigurationIsVisible = 0;
			defaultConfigurationName = Release;
		};
		61D8C7282CEC44C6004622F7 /* Build configuration list for PBXNativeTarget "MapViewTests" */ = {
			isa = XCConfigurationList;
			buildConfigurations = (
				61D8C7292CEC44C6004622F7 /* Debug */,
				61D8C72A2CEC44C6004622F7 /* Release */,
			);
			defaultConfigurationIsVisible = 0;
			defaultConfigurationName = Release;
		};
		61DA3CE22CEAF73F00D15C2E /* Build configuration list for PBXProject "MapView" */ = {
			isa = XCConfigurationList;
			buildConfigurations = (
				61DA3CFE2CEAF73F00D15C2E /* Debug */,
				61DA3CFF2CEAF73F00D15C2E /* Release */,
			);
			defaultConfigurationIsVisible = 0;
			defaultConfigurationName = Release;
		};
/* End XCConfigurationList section */
	};
	rootObject = 61DA3CDF2CEAF73F00D15C2E /* Project object */;
}
